// !$*UTF8*$!
{
	archiveVersion = 1;
	classes = {
	};
	objectVersion = 56;
	objects = {

/* Begin PBXBuildFile section */
		8964B7522C0E800D00D6CBBC /* ContentView.swift in Sources */ = {isa = PBXBuildFile; fileRef = 8964B7512C0E800D00D6CBBC /* ContentView.swift */; };
		8964B7542C0E800E00D6CBBC /* Assets.xcassets in Resources */ = {isa = PBXBuildFile; fileRef = 8964B7532C0E800E00D6CBBC /* Assets.xcassets */; };
		8964B7572C0E800E00D6CBBC /* Preview Assets.xcassets in Resources */ = {isa = PBXBuildFile; fileRef = 8964B7562C0E800E00D6CBBC /* Preview Assets.xcassets */; };
		8964B75F2C0E807200D6CBBC /* AppDelegate.swift in Sources */ = {isa = PBXBuildFile; fileRef = 8964B75E2C0E807200D6CBBC /* AppDelegate.swift */; };
		8964B7612C0E809200D6CBBC /* PopoverController.swift in Sources */ = {isa = PBXBuildFile; fileRef = 8964B7602C0E809200D6CBBC /* PopoverController.swift */; };
		8964B7632C0E80E700D6CBBC /* ShutterBoxApp.swift in Sources */ = {isa = PBXBuildFile; fileRef = 8964B7622C0E80E700D6CBBC /* ShutterBoxApp.swift */; };
		8964B7652C0E813800D6CBBC /* StatusBarController.swift in Sources */ = {isa = PBXBuildFile; fileRef = 8964B7642C0E813800D6CBBC /* StatusBarController.swift */; };
		8964B7672C0E816200D6CBBC /* ShutterBoxAPI.swift in Sources */ = {isa = PBXBuildFile; fileRef = 8964B7662C0E816200D6CBBC /* ShutterBoxAPI.swift */; };
/* End PBXBuildFile section */

/* Begin PBXFileReference section */
		8964B74C2C0E800D00D6CBBC /* BleboxShutterControl.app */ = {isa = PBXFileReference; explicitFileType = wrapper.application; includeInIndex = 0; path = BleboxShutterControl.app; sourceTree = BUILT_PRODUCTS_DIR; };
		8964B7512C0E800D00D6CBBC /* ContentView.swift */ = {isa = PBXFileReference; lastKnownFileType = sourcecode.swift; path = ContentView.swift; sourceTree = "<group>"; };
		8964B7532C0E800E00D6CBBC /* Assets.xcassets */ = {isa = PBXFileReference; lastKnownFileType = folder.assetcatalog; path = Assets.xcassets; sourceTree = "<group>"; };
		8964B7562C0E800E00D6CBBC /* Preview Assets.xcassets */ = {isa = PBXFileReference; lastKnownFileType = folder.assetcatalog; path = "Preview Assets.xcassets"; sourceTree = "<group>"; };
		8964B7582C0E800E00D6CBBC /* BleboxShutterControl.entitlements */ = {isa = PBXFileReference; lastKnownFileType = text.plist.entitlements; path = BleboxShutterControl.entitlements; sourceTree = "<group>"; };
		8964B75E2C0E807200D6CBBC /* AppDelegate.swift */ = {isa = PBXFileReference; lastKnownFileType = sourcecode.swift; path = AppDelegate.swift; sourceTree = "<group>"; };
		8964B7602C0E809200D6CBBC /* PopoverController.swift */ = {isa = PBXFileReference; lastKnownFileType = sourcecode.swift; path = PopoverController.swift; sourceTree = "<group>"; };
		8964B7622C0E80E700D6CBBC /* ShutterBoxApp.swift */ = {isa = PBXFileReference; lastKnownFileType = sourcecode.swift; path = ShutterBoxApp.swift; sourceTree = "<group>"; };
		8964B7642C0E813800D6CBBC /* StatusBarController.swift */ = {isa = PBXFileReference; lastKnownFileType = sourcecode.swift; path = StatusBarController.swift; sourceTree = "<group>"; };
		8964B7662C0E816200D6CBBC /* ShutterBoxAPI.swift */ = {isa = PBXFileReference; lastKnownFileType = sourcecode.swift; path = ShutterBoxAPI.swift; sourceTree = "<group>"; };
/* End PBXFileReference section */

/* Begin PBXFrameworksBuildPhase section */
		8964B7492C0E800D00D6CBBC /* Frameworks */ = {
			isa = PBXFrameworksBuildPhase;
			buildActionMask = 2147483647;
			files = (
			);
			runOnlyForDeploymentPostprocessing = 0;
		};
/* End PBXFrameworksBuildPhase section */

/* Begin PBXGroup section */
		8964B7432C0E800D00D6CBBC = {
			isa = PBXGroup;
			children = (
				8964B74E2C0E800D00D6CBBC /* BleboxShutterControl */,
				8964B74D2C0E800D00D6CBBC /* Products */,
			);
			sourceTree = "<group>";
		};
		8964B74D2C0E800D00D6CBBC /* Products */ = {
			isa = PBXGroup;
			children = (
				8964B74C2C0E800D00D6CBBC /* BleboxShutterControl.app */,
			);
			name = Products;
			sourceTree = "<group>";
		};
		8964B74E2C0E800D00D6CBBC /* BleboxShutterControl */ = {
			isa = PBXGroup;
			children = (
				8964B7602C0E809200D6CBBC /* PopoverController.swift */,
				8964B7512C0E800D00D6CBBC /* ContentView.swift */,
				8964B7642C0E813800D6CBBC /* StatusBarController.swift */,
				8964B7662C0E816200D6CBBC /* ShutterBoxAPI.swift */,
				8964B7622C0E80E700D6CBBC /* ShutterBoxApp.swift */,
				8964B75E2C0E807200D6CBBC /* AppDelegate.swift */,
				8964B7532C0E800E00D6CBBC /* Assets.xcassets */,
				8964B7582C0E800E00D6CBBC /* BleboxShutterControl.entitlements */,
				8964B7552C0E800E00D6CBBC /* Preview Content */,
			);
			path = BleboxShutterControl;
			sourceTree = "<group>";
		};
		8964B7552C0E800E00D6CBBC /* Preview Content */ = {
			isa = PBXGroup;
			children = (
				8964B7562C0E800E00D6CBBC /* Preview Assets.xcassets */,
			);
			path = "Preview Content";
			sourceTree = "<group>";
		};
/* End PBXGroup section */

/* Begin PBXNativeTarget section */
		8964B74B2C0E800D00D6CBBC /* BleboxShutterControl */ = {
			isa = PBXNativeTarget;
			buildConfigurationList = 8964B75B2C0E800E00D6CBBC /* Build configuration list for PBXNativeTarget "BleboxShutterControl" */;
			buildPhases = (
				8964B7482C0E800D00D6CBBC /* Sources */,
				8964B7492C0E800D00D6CBBC /* Frameworks */,
				8964B74A2C0E800D00D6CBBC /* Resources */,
			);
			buildRules = (
			);
			dependencies = (
			);
			name = BleboxShutterControl;
			productName = BleboxShutterControl;
			productReference = 8964B74C2C0E800D00D6CBBC /* BleboxShutterControl.app */;
			productType = "com.apple.product-type.application";
		};
/* End PBXNativeTarget section */

/* Begin PBXProject section */
		8964B7442C0E800D00D6CBBC /* Project object */ = {
			isa = PBXProject;
			attributes = {
				BuildIndependentTargetsInParallel = 1;
				LastSwiftUpdateCheck = 1540;
				LastUpgradeCheck = 1540;
				TargetAttributes = {
					8964B74B2C0E800D00D6CBBC = {
						CreatedOnToolsVersion = 15.4;
					};
				};
			};
			buildConfigurationList = 8964B7472C0E800D00D6CBBC /* Build configuration list for PBXProject "BleboxShutterControl" */;
			compatibilityVersion = "Xcode 14.0";
			developmentRegion = en;
			hasScannedForEncodings = 0;
			knownRegions = (
				en,
				Base,
			);
			mainGroup = 8964B7432C0E800D00D6CBBC;
			productRefGroup = 8964B74D2C0E800D00D6CBBC /* Products */;
			projectDirPath = "";
			projectRoot = "";
			targets = (
				8964B74B2C0E800D00D6CBBC /* BleboxShutterControl */,
			);
		};
/* End PBXProject section */

/* Begin PBXResourcesBuildPhase section */
		8964B74A2C0E800D00D6CBBC /* Resources */ = {
			isa = PBXResourcesBuildPhase;
			buildActionMask = 2147483647;
			files = (
				8964B7572C0E800E00D6CBBC /* Preview Assets.xcassets in Resources */,
				8964B7542C0E800E00D6CBBC /* Assets.xcassets in Resources */,
			);
			runOnlyForDeploymentPostprocessing = 0;
		};
/* End PBXResourcesBuildPhase section */

/* Begin PBXSourcesBuildPhase section */
		8964B7482C0E800D00D6CBBC /* Sources */ = {
			isa = PBXSourcesBuildPhase;
			buildActionMask = 2147483647;
			files = (
				8964B7672C0E816200D6CBBC /* ShutterBoxAPI.swift in Sources */,
				8964B75F2C0E807200D6CBBC /* AppDelegate.swift in Sources */,
				8964B7612C0E809200D6CBBC /* PopoverController.swift in Sources */,
				8964B7522C0E800D00D6CBBC /* ContentView.swift in Sources */,
				8964B7652C0E813800D6CBBC /* StatusBarController.swift in Sources */,
				8964B7632C0E80E700D6CBBC /* ShutterBoxApp.swift in Sources */,
			);
			runOnlyForDeploymentPostprocessing = 0;
		};
/* End PBXSourcesBuildPhase section */

/* Begin XCBuildConfiguration section */
		8964B7592C0E800E00D6CBBC /* Debug */ = {
			isa = XCBuildConfiguration;
			buildSettings = {
				ALWAYS_SEARCH_USER_PATHS = NO;
				ASSETCATALOG_COMPILER_GENERATE_SWIFT_ASSET_SYMBOL_EXTENSIONS = YES;
				CLANG_ANALYZER_NONNULL = YES;
				CLANG_ANALYZER_NUMBER_OBJECT_CONVERSION = YES_AGGRESSIVE;
				CLANG_CXX_LANGUAGE_STANDARD = "gnu++20";
				CLANG_ENABLE_MODULES = YES;
				CLANG_ENABLE_OBJC_ARC = YES;
				CLANG_ENABLE_OBJC_WEAK = YES;
				CLANG_WARN_BLOCK_CAPTURE_AUTORELEASING = YES;
				CLANG_WARN_BOOL_CONVERSION = YES;
				CLANG_WARN_COMMA = YES;
				CLANG_WARN_CONSTANT_CONVERSION = YES;
				CLANG_WARN_DEPRECATED_OBJC_IMPLEMENTATIONS = YES;
				CLANG_WARN_DIRECT_OBJC_ISA_USAGE = YES_ERROR;
				CLANG_WARN_DOCUMENTATION_COMMENTS = YES;
				CLANG_WARN_EMPTY_BODY = YES;
				CLANG_WARN_ENUM_CONVERSION = YES;
				CLANG_WARN_INFINITE_RECURSION = YES;
				CLANG_WARN_INT_CONVERSION = YES;
				CLANG_WARN_NON_LITERAL_NULL_CONVERSION = YES;
				CLANG_WARN_OBJC_IMPLICIT_RETAIN_SELF = YES;
				CLANG_WARN_OBJC_LITERAL_CONVERSION = YES;
				CLANG_WARN_OBJC_ROOT_CLASS = YES_ERROR;
				CLANG_WARN_QUOTED_INCLUDE_IN_FRAMEWORK_HEADER = YES;
				CLANG_WARN_RANGE_LOOP_ANALYSIS = YES;
				CLANG_WARN_STRICT_PROTOTYPES = YES;
				CLANG_WARN_SUSPICIOUS_MOVE = YES;
				CLANG_WARN_UNGUARDED_AVAILABILITY = YES_AGGRESSIVE;
				CLANG_WARN_UNREACHABLE_CODE = YES;
				CLANG_WARN__DUPLICATE_METHOD_MATCH = YES;
				COPY_PHASE_STRIP = NO;
				DEBUG_INFORMATION_FORMAT = dwarf;
				ENABLE_STRICT_OBJC_MSGSEND = YES;
				ENABLE_TESTABILITY = YES;
				ENABLE_USER_SCRIPT_SANDBOXING = YES;
				GCC_C_LANGUAGE_STANDARD = gnu17;
				GCC_DYNAMIC_NO_PIC = NO;
				GCC_NO_COMMON_BLOCKS = YES;
				GCC_OPTIMIZATION_LEVEL = 0;
				GCC_PREPROCESSOR_DEFINITIONS = (
					"DEBUG=1",
					"$(inherited)",
				);
				GCC_WARN_64_TO_32_BIT_CONVERSION = YES;
				GCC_WARN_ABOUT_RETURN_TYPE = YES_ERROR;
				GCC_WARN_UNDECLARED_SELECTOR = YES;
				GCC_WARN_UNINITIALIZED_AUTOS = YES_AGGRESSIVE;
				GCC_WARN_UNUSED_FUNCTION = YES;
				GCC_WARN_UNUSED_VARIABLE = YES;
				LOCALIZATION_PREFERS_STRING_CATALOGS = YES;
				MACOSX_DEPLOYMENT_TARGET = 14.5;
				MTL_ENABLE_DEBUG_INFO = INCLUDE_SOURCE;
				MTL_FAST_MATH = YES;
				ONLY_ACTIVE_ARCH = YES;
				SDKROOT = macosx;
				SWIFT_ACTIVE_COMPILATION_CONDITIONS = "DEBUG $(inherited)";
				SWIFT_OPTIMIZATION_LEVEL = "-Onone";
			};
			name = Debug;
		};
		8964B75A2C0E800E00D6CBBC /* Release */ = {
			isa = XCBuildConfiguration;
			buildSettings = {
				ALWAYS_SEARCH_USER_PATHS = NO;
				ASSETCATALOG_COMPILER_GENERATE_SWIFT_ASSET_SYMBOL_EXTENSIONS = YES;
				CLANG_ANALYZER_NONNULL = YES;
				CLANG_ANALYZER_NUMBER_OBJECT_CONVERSION = YES_AGGRESSIVE;
				CLANG_CXX_LANGUAGE_STANDARD = "gnu++20";
				CLANG_ENABLE_MODULES = YES;
				CLANG_ENABLE_OBJC_ARC = YES;
				CLANG_ENABLE_OBJC_WEAK = YES;
				CLANG_WARN_BLOCK_CAPTURE_AUTORELEASING = YES;
				CLANG_WARN_BOOL_CONVERSION = YES;
				CLANG_WARN_COMMA = YES;
				CLANG_WARN_CONSTANT_CONVERSION = YES;
				CLANG_WARN_DEPRECATED_OBJC_IMPLEMENTATIONS = YES;
				CLANG_WARN_DIRECT_OBJC_ISA_USAGE = YES_ERROR;
				CLANG_WARN_DOCUMENTATION_COMMENTS = YES;
				CLANG_WARN_EMPTY_BODY = YES;
				CLANG_WARN_ENUM_CONVERSION = YES;
				CLANG_WARN_INFINITE_RECURSION = YES;
				CLANG_WARN_INT_CONVERSION = YES;
				CLANG_WARN_NON_LITERAL_NULL_CONVERSION = YES;
				CLANG_WARN_OBJC_IMPLICIT_RETAIN_SELF = YES;
				CLANG_WARN_OBJC_LITERAL_CONVERSION = YES;
				CLANG_WARN_OBJC_ROOT_CLASS = YES_ERROR;
				CLANG_WARN_QUOTED_INCLUDE_IN_FRAMEWORK_HEADER = YES;
				CLANG_WARN_RANGE_LOOP_ANALYSIS = YES;
				CLANG_WARN_STRICT_PROTOTYPES = YES;
				CLANG_WARN_SUSPICIOUS_MOVE = YES;
				CLANG_WARN_UNGUARDED_AVAILABILITY = YES_AGGRESSIVE;
				CLANG_WARN_UNREACHABLE_CODE = YES;
				CLANG_WARN__DUPLICATE_METHOD_MATCH = YES;
				COPY_PHASE_STRIP = NO;
				DEBUG_INFORMATION_FORMAT = "dwarf-with-dsym";
				ENABLE_NS_ASSERTIONS = NO;
				ENABLE_STRICT_OBJC_MSGSEND = YES;
				ENABLE_USER_SCRIPT_SANDBOXING = YES;
				GCC_C_LANGUAGE_STANDARD = gnu17;
				GCC_NO_COMMON_BLOCKS = YES;
				GCC_WARN_64_TO_32_BIT_CONVERSION = YES;
				GCC_WARN_ABOUT_RETURN_TYPE = YES_ERROR;
				GCC_WARN_UNDECLARED_SELECTOR = YES;
				GCC_WARN_UNINITIALIZED_AUTOS = YES_AGGRESSIVE;
				GCC_WARN_UNUSED_FUNCTION = YES;
				GCC_WARN_UNUSED_VARIABLE = YES;
				LOCALIZATION_PREFERS_STRING_CATALOGS = YES;
				MACOSX_DEPLOYMENT_TARGET = 14.5;
				MTL_ENABLE_DEBUG_INFO = NO;
				MTL_FAST_MATH = YES;
				SDKROOT = macosx;
				SWIFT_COMPILATION_MODE = wholemodule;
			};
			name = Release;
		};
		8964B75C2C0E800E00D6CBBC /* Debug */ = {
			isa = XCBuildConfiguration;
			buildSettings = {
				ASSETCATALOG_COMPILER_APPICON_NAME = AppIcon;
				ASSETCATALOG_COMPILER_GLOBAL_ACCENT_COLOR_NAME = AccentColor;
				CODE_SIGN_ENTITLEMENTS = BleboxShutterControl/BleboxShutterControl.entitlements;
				CODE_SIGN_STYLE = Automatic;
				COMBINE_HIDPI_IMAGES = YES;
				CURRENT_PROJECT_VERSION = 1;
				DEVELOPMENT_ASSET_PATHS = "\"BleboxShutterControl/Preview Content\"";
				ENABLE_PREVIEWS = YES;
				GENERATE_INFOPLIST_FILE = YES;
				INFOPLIST_KEY_NSHumanReadableCopyright = "";
				LD_RUNPATH_SEARCH_PATHS = (
					"$(inherited)",
					"@executable_path/../Frameworks",
				);
				MARKETING_VERSION = 1.0;
				PRODUCT_BUNDLE_IDENTIFIER = Kmkamyk.BleboxShutterControl;
				PRODUCT_NAME = "$(TARGET_NAME)";
				SWIFT_EMIT_LOC_STRINGS = YES;
				SWIFT_VERSION = 5.0;
			};
			name = Debug;
		};
		8964B75D2C0E800E00D6CBBC /* Release */ = {
			isa = XCBuildConfiguration;
			buildSettings = {
				ASSETCATALOG_COMPILER_APPICON_NAME = AppIcon;
				ASSETCATALOG_COMPILER_GLOBAL_ACCENT_COLOR_NAME = AccentColor;
				CODE_SIGN_ENTITLEMENTS = BleboxShutterControl/BleboxShutterControl.entitlements;
				CODE_SIGN_STYLE = Automatic;
				COMBINE_HIDPI_IMAGES = YES;
				CURRENT_PROJECT_VERSION = 1;
				DEVELOPMENT_ASSET_PATHS = "\"BleboxShutterControl/Preview Content\"";
				ENABLE_PREVIEWS = YES;
				GENERATE_INFOPLIST_FILE = YES;
				INFOPLIST_KEY_NSHumanReadableCopyright = "";
				LD_RUNPATH_SEARCH_PATHS = (
					"$(inherited)",
					"@executable_path/../Frameworks",
				);
				MARKETING_VERSION = 1.0;
				PRODUCT_BUNDLE_IDENTIFIER = Kmkamyk.BleboxShutterControl;
				PRODUCT_NAME = "$(TARGET_NAME)";
				SWIFT_EMIT_LOC_STRINGS = YES;
				SWIFT_VERSION = 5.0;
			};
			name = Release;
		};
/* End XCBuildConfiguration section */

/* Begin XCConfigurationList section */
		8964B7472C0E800D00D6CBBC /* Build configuration list for PBXProject "BleboxShutterControl" */ = {
			isa = XCConfigurationList;
			buildConfigurations = (
				8964B7592C0E800E00D6CBBC /* Debug */,
				8964B75A2C0E800E00D6CBBC /* Release */,
			);
			defaultConfigurationIsVisible = 0;
			defaultConfigurationName = Release;
		};
		8964B75B2C0E800E00D6CBBC /* Build configuration list for PBXNativeTarget "BleboxShutterControl" */ = {
			isa = XCConfigurationList;
			buildConfigurations = (
				8964B75C2C0E800E00D6CBBC /* Debug */,
				8964B75D2C0E800E00D6CBBC /* Release */,
			);
			defaultConfigurationIsVisible = 0;
			defaultConfigurationName = Release;
		};
/* End XCConfigurationList section */
	};
	rootObject = 8964B7442C0E800D00D6CBBC /* Project object */;
}
